
Microsoft Visual Studio Solution File, Format Version 11.00
# Visual Studio 2010
Project("{FAE04EC0-301F-11D3-BF4B-00C04F79EFBC}") = "CoolCode.Wolfee", "CoolCode.Wolfee\CoolCode.Wolfee.csproj", "{70250C03-E626-4021-B275-E68FD220B6AE}"
EndProject
Project("{FAE04EC0-301F-11D3-BF4B-00C04F79EFBC}") = "CoolCode.Wolfee.Tests", "CoolCode.Wolfee.Tests\CoolCode.Wolfee.Tests.csproj", "{FA7B8DE5-00E2-4B8E-B742-E27D927C42B4}"
EndProject
Global
	GlobalSection(SolutionConfigurationPlatforms) = preSolution
		Debug|Any CPU = Debug|Any CPU
		Release|Any CPU = Release|Any CPU
	EndGlobalSection
	GlobalSection(ProjectConfigurationPlatforms) = postSolution
		{70250C03-E626-4021-B275-E68FD220B6AE}.Debug|Any CPU.ActiveCfg = Debug|Any CPU
		{70250C03-E626-4021-B275-E68FD220B6AE}.Debug|Any CPU.Build.0 = Debug|Any CPU
		{70250C03-E626-4021-B275-E68FD220B6AE}.Release|Any CPU.ActiveCfg = Release|Any CPU
		{70250C03-E626-4021-B275-E68FD220B6AE}.Release|Any CPU.Build.0 = Release|Any CPU
		{FA7B8DE5-00E2-4B8E-B742-E27D927C42B4}.Debug|Any CPU.ActiveCfg = Debug|Any CPU
		{FA7B8DE5-00E2-4B8E-B742-E27D927C42B4}.Debug|Any CPU.Build.0 = Debug|Any CPU
		{FA7B8DE5-00E2-4B8E-B742-E27D927C42B4}.Release|Any CPU.ActiveCfg = Release|Any CPU
		{FA7B8DE5-00E2-4B8E-B742-E27D927C42B4}.Release|Any CPU.Build.0 = Release|Any CPU
	EndGlobalSection
	GlobalSection(SolutionProperties) = preSolution
		HideSolutionNode = FALSE
	EndGlobalSection
EndGlobal
